<?xml version="1.0" encoding="utf-8"?>
<Project ToolsVersion="4.0" xmlns="http://schemas.microsoft.com/developer/msbuild/2003">
  <ItemGroup>
    <Filter Include="Source Files">
      <UniqueIdentifier>{4FC737F1-C7A5-4376-A066-2A32D752A2FF}</UniqueIdentifier>
      <Extensions>cpp;c;cc;cxx;c++;def;odl;idl;hpj;bat;asm;asmx</Extensions>
    </Filter>
    <Filter Include="Header Files">
      <UniqueIdentifier>{93995380-89BD-4b04-88EB-625FBE52EBFB}</UniqueIdentifier>
      <Extensions>h;hh;hpp;hxx;h++;hm;inl;inc;ipp;xsd</Extensions>
    </Filter>
    <Filter Include="Resource Files">
      <UniqueIdentifier>{67DA6AB6-F800-4c08-8B7A-83BB121AAD01}</UniqueIdentifier>
      <Extensions>rc;ico;cur;bmp;dlg;rc2;rct;bin;rgs;gif;jpg;jpeg;jpe;resx;tiff;tif;png;wav;mfcribbon-ms</Extensions>
    </Filter>
    <Filter Include="Menu">
      <UniqueIdentifier>{1f440d3e-689e-4905-a5b0-bdf6ac3d08c5}</UniqueIdentifier>
    </Filter>
  </ItemGroup>
  <ItemGroup>
    <ClCompile Include="main.cpp">
      <Filter>Source Files</Filter>
    </ClCompile>
    <ClCompile Include="Lista.cpp">
      <Filter>Source Files</Filter>
    </ClCompile>
    <ClCompile Include="Nodo.cpp">
      <Filter>Source Files</Filter>
    </ClCompile>
    <ClCompile Include="Pila.cpp">
      <Filter>Source Files</Filter>
    </ClCompile>
    <ClCompile Include="Cola.cpp">
      <Filter>Source Files</Filter>
    </ClCompile>
    <ClCompile Include="Gestor.cpp">
      <Filter>Source Files</Filter>
    </ClCompile>
    <ClCompile Include="AbstractOptionHandler.cpp">
      <Filter>Menu</Filter>
    </ClCompile>
    <ClCompile Include="InsertaListaOptionHandler.cpp">
      <Filter>Menu</Filter>
    </ClCompile>
    <ClCompile Include="InsertaPilaOptionHandler.cpp">
      <Filter>Menu</Filter>
    </ClCompile>
    <ClCompile Include="InsertaColaOptionHandler.cpp">
      <Filter>Menu</Filter>
    </ClCompile>
    <ClCompile Include="ExitOptionHandler.cpp">
      <Filter>Menu</Filter>
    </ClCompile>
    <ClCompile Include="UnknownOptionHandler.cpp">
      <Filter>Menu</Filter>
    </ClCompile>
    <ClCompile Include="MainMenu.cpp">
      <Filter>Menu</Filter>
    </ClCompile>
    <ClCompile Include="DefaultFactory.cpp">
      <Filter>Source Files</Filter>
    </ClCompile>
    <ClCompile Include="PilaToColaOptionHandler.cpp">
      <Filter>Menu</Filter>
    </ClCompile>
    <ClCompile Include="PilaToListaOptionHandler.cpp">
      <Filter>Menu</Filter>
    </ClCompile>
    <ClCompile Include="ListaToPilaOptionHandler.cpp">
      <Filter>Menu</Filter>
    </ClCompile>
    <ClCompile Include="ListaToColaOptionHandler.cpp">
      <Filter>Menu</Filter>
    </ClCompile>
    <ClCompile Include="ImprimePilaOptionHandler.cpp">
      <Filter>Menu</Filter>
    </ClCompile>
    <ClCompile Include="ImprimeListaOptionHandler.cpp">
      <Filter>Menu</Filter>
    </ClCompile>
    <ClCompile Include="ImprimeColaOptionHandler.cpp">
      <Filter>Menu</Filter>
    </ClCompile>
    <ClCompile Include="ColaToPilaOptionHandler.cpp">
      <Filter>Menu</Filter>
    </ClCompile>
    <ClCompile Include="ColaToListaOptionHandler.cpp">
      <Filter>Menu</Filter>
    </ClCompile>
  </ItemGroup>
  <ItemGroup>
    <ClInclude Include="Lista.h">
      <Filter>Header Files</Filter>
    </ClInclude>
    <ClInclude Include="Nodo.h">
      <Filter>Header Files</Filter>
    </ClInclude>
    <ClInclude Include="Pila.h">
      <Filter>Header Files</Filter>
    </ClInclude>
    <ClInclude Include="Cola.h">
      <Filter>Header Files</Filter>
    </ClInclude>
    <ClInclude Include="Gestor.h">
      <Filter>Header Files</Filter>
    </ClInclude>
    <ClInclude Include="AbstractOptionHandler.h">
      <Filter>Menu</Filter>
    </ClInclude>
    <ClInclude Include="InsertaListaOptionHandler.h">
      <Filter>Menu</Filter>
    </ClInclude>
    <ClInclude Include="InsertaPilaOptionHandler.h">
      <Filter>Menu</Filter>
    </ClInclude>
    <ClInclude Include="InsertaColaOptionHandler.h">
      <Filter>Menu</Filter>
    </ClInclude>
    <ClInclude Include="ExitOptionHandler.h">
      <Filter>Menu</Filter>
    </ClInclude>
    <ClInclude Include="UnknownOptionHandler.h">
      <Filter>Menu</Filter>
    </ClInclude>
    <ClInclude Include="MainMenu.h">
      <Filter>Menu</Filter>
    </ClInclude>
    <ClInclude Include="DefaultFactory.h">
      <Filter>Header Files</Filter>
    </ClInclude>
    <ClInclude Include="ColaToListaOptionHandler.h">
      <Filter>Menu</Filter>
    </ClInclude>
    <ClInclude Include="ColaToPilaOptionHandler.h">
      <Filter>Menu</Filter>
    </ClInclude>
    <ClInclude Include="ImprimeColaOptionHandler.h">
      <Filter>Menu</Filter>
    </ClInclude>
    <ClInclude Include="ImprimeListaOptionHandler.h">
      <Filter>Menu</Filter>
    </ClInclude>
    <ClInclude Include="ImprimePilaOptionHandler.h">
      <Filter>Menu</Filter>
    </ClInclude>
    <ClInclude Include="ListaToColaOptionHandler.h">
      <Filter>Menu</Filter>
    </ClInclude>
    <ClInclude Include="ListaToPilaOptionHandler.h">
      <Filter>Menu</Filter>
    </ClInclude>
    <ClInclude Include="PilaToColaOptionHandler.h">
      <Filter>Menu</Filter>
    </ClInclude>
    <ClInclude Include="PilaToListaOptionHandler.h">
      <Filter>Menu</Filter>
    </ClInclude>
  </ItemGroup>
  <ItemGroup>
    <None Include="ClassDiagram-Estructuras.cd" />
    <None Include="ClassDiagram-Menu.cd" />
  </ItemGroup>
</Project>